
Microsoft Visual Studio Solution File, Format Version 12.00
# Visual Studio Version 17
VisualStudioVersion = 17.4.33213.308
MinimumVisualStudioVersion = 10.0.40219.1
Project("{9A19103F-16F7-4668-BE54-9A1E7A4F7556}") = "BasicProgramms", "ConsoleApp2\BasicProgramms.csproj", "{03CBF1BC-F3AC-4AE9-B887-34E9DB085535}"
EndProject
Global
	GlobalSection(SolutionConfigurationPlatforms) = preSolution
		Debug|Any CPU = Debug|Any CPU
		Release|Any CPU = Release|Any CPU
	EndGlobalSection
	GlobalSection(ProjectConfigurationPlatforms) = postSolution
		{03CBF1BC-F3AC-4AE9-B887-34E9DB085535}.Debug|Any CPU.ActiveCfg = Debug|Any CPU
		{03CBF1BC-F3AC-4AE9-B887-34E9DB085535}.Debug|Any CPU.Build.0 = Debug|Any CPU
		{03CBF1BC-F3AC-4AE9-B887-34E9DB085535}.Release|Any CPU.ActiveCfg = Release|Any CPU
		{03CBF1BC-F3AC-4AE9-B887-34E9DB085535}.Release|Any CPU.Build.0 = Release|Any CPU
	EndGlobalSection
	GlobalSection(SolutionProperties) = preSolution
		HideSolutionNode = FALSE
	EndGlobalSection
	GlobalSection(ExtensibilityGlobals) = postSolution
		SolutionGuid = {C949F510-CF48-44A0-B3E5-FEB2973CC869}
	EndGlobalSection
EndGlobal
